
Microsoft Visual Studio Solution File, Format Version 12.00
# Visual Studio Version 16
VisualStudioVersion = 16.0.30611.23
MinimumVisualStudioVersion = 10.0.40219.1
Project("{FAE04EC0-301F-11D3-BF4B-00C04F79EFBC}") = "StrategyPattern", "StrategyPattern.csproj", "{6CC6C4D0-45CE-4349-9B42-00C8973130C0}"
EndProject
Global
	GlobalSection(SolutionConfigurationPlatforms) = preSolution
		Debug|Any CPU = Debug|Any CPU
		Release|Any CPU = Release|Any CPU
	EndGlobalSection
	GlobalSection(ProjectConfigurationPlatforms) = postSolution
		{6CC6C4D0-45CE-4349-9B42-00C8973130C0}.Debug|Any CPU.ActiveCfg = Debug|Any CPU
		{6CC6C4D0-45CE-4349-9B42-00C8973130C0}.Debug|Any CPU.Build.0 = Debug|Any CPU
		{6CC6C4D0-45CE-4349-9B42-00C8973130C0}.Release|Any CPU.ActiveCfg = Release|Any CPU
		{6CC6C4D0-45CE-4349-9B42-00C8973130C0}.Release|Any CPU.Build.0 = Release|Any CPU
	EndGlobalSection
	GlobalSection(SolutionProperties) = preSolution
		HideSolutionNode = FALSE
	EndGlobalSection
	GlobalSection(ExtensibilityGlobals) = postSolution
		SolutionGuid = {CD87F957-ACB7-4B62-B3AF-95D052332AFF}
	EndGlobalSection
EndGlobal
